dependencies:
  idf:
    source:
      type: idf
    version: 5.5.4
  joltwallet/littlefs:
    component_hash: dcea25bcef2de023f089f5f01e8d8c46ad1b8ffef75861ad5ffb4098555839df
    dependencies:
    - name: idf
      require: private
      version: '>=5.0'
    source:
      registry_url: https://components.espressif.com/
      type: service
    version: 1.20.4
direct_dependencies:
- joltwallet/littlefs
manifest_hash: 6bde6e35acb414d4fe6ccaf49c47bdca40c8f9066d79205a77a73db728bc76f9
target: esp32c3
version: 2.0.0
